{
  "name": "git-info",
  "version": "1.0.0",
  "lockfileVersion": 2,
  "requires": true,
  "packages": {
    "": {
      "name": "git-info",
      "version": "1.0.0",
      "license": "ISC",
      "dependencies": {
        "git-repo-info": "^2.1.1"
      }
    },
    "node_modules/git-repo-info": {
      "version": "2.1.1",
      "resolved": "https://registry.npmjs.org/git-repo-info/-/git-repo-info-2.1.1.tgz",
      "integrity": "sha512-8aCohiDo4jwjOwma4FmYFd3i97urZulL8XL24nIPxuE+GZnfsAyy/g2Shqx6OjUiFKUXZM+Yy+KHnOmmA3FVcg==",
      "engines": {
        "node": ">= 4.0"
      }
    }
  },
  "dependencies": {
    "git-repo-info": {
      "version": "2.1.1",
      "resolved": "https://registry.npmjs.org/git-repo-info/-/git-repo-info-2.1.1.tgz",
      "integrity": "sha512-8aCohiDo4jwjOwma4FmYFd3i97urZulL8XL24nIPxuE+GZnfsAyy/g2Shqx6OjUiFKUXZM+Yy+KHnOmmA3FVcg=="
    }
  }
}
